
Microsoft Visual Studio Solution File, Format Version 12.00
# Visual Studio Version 16
VisualStudioVersion = 16.0.29709.97
MinimumVisualStudioVersion = 10.0.40219.1
Project("{FAE04EC0-301F-11D3-BF4B-00C04F79EFBC}") = "ArmaHook", "ArmaHook.csproj", "{DC42EEAF-E4F1-4ED8-AE72-D93B9447936D}"
EndProject
Global
	GlobalSection(SolutionConfigurationPlatforms) = preSolution
		Debug|Any CPU = Debug|Any CPU
		Release|Any CPU = Release|Any CPU
	EndGlobalSection
	GlobalSection(ProjectConfigurationPlatforms) = postSolution
		{DC42EEAF-E4F1-4ED8-AE72-D93B9447936D}.Debug|Any CPU.ActiveCfg = Debug|Any CPU
		{DC42EEAF-E4F1-4ED8-AE72-D93B9447936D}.Debug|Any CPU.Build.0 = Debug|Any CPU
		{DC42EEAF-E4F1-4ED8-AE72-D93B9447936D}.Release|Any CPU.ActiveCfg = Release|Any CPU
		{DC42EEAF-E4F1-4ED8-AE72-D93B9447936D}.Release|Any CPU.Build.0 = Release|Any CPU
	EndGlobalSection
	GlobalSection(SolutionProperties) = preSolution
		HideSolutionNode = FALSE
	EndGlobalSection
	GlobalSection(ExtensibilityGlobals) = postSolution
		SolutionGuid = {491C6E6B-F923-4E1D-AF82-1933AACF036C}
	EndGlobalSection
EndGlobal
